
Microsoft Visual Studio Solution File, Format Version 12.00
# Visual Studio Version 17
VisualStudioVersion = 17.8.34316.72
MinimumVisualStudioVersion = 10.0.40219.1
Project("{8BC9CEB8-8B4A-11D0-8D11-00A0C91BC942}") = "proj1", "proj1.vcxproj", "{A7BE9A13-8F5F-4CBA-9458-C97C20F0C2A8}"
EndProject
Global
	GlobalSection(SolutionConfigurationPlatforms) = preSolution
		Debug|x64 = Debug|x64
		Debug|x86 = Debug|x86
		Release|x64 = Release|x64
		Release|x86 = Release|x86
	EndGlobalSection
	GlobalSection(ProjectConfigurationPlatforms) = postSolution
		{A7BE9A13-8F5F-4CBA-9458-C97C20F0C2A8}.Debug|x64.ActiveCfg = Debug|x64
		{A7BE9A13-8F5F-4CBA-9458-C97C20F0C2A8}.Debug|x64.Build.0 = Debug|x64
		{A7BE9A13-8F5F-4CBA-9458-C97C20F0C2A8}.Debug|x86.ActiveCfg = Debug|Win32
		{A7BE9A13-8F5F-4CBA-9458-C97C20F0C2A8}.Debug|x86.Build.0 = Debug|Win32
		{A7BE9A13-8F5F-4CBA-9458-C97C20F0C2A8}.Release|x64.ActiveCfg = Release|x64
		{A7BE9A13-8F5F-4CBA-9458-C97C20F0C2A8}.Release|x64.Build.0 = Release|x64
		{A7BE9A13-8F5F-4CBA-9458-C97C20F0C2A8}.Release|x86.ActiveCfg = Release|Win32
		{A7BE9A13-8F5F-4CBA-9458-C97C20F0C2A8}.Release|x86.Build.0 = Release|Win32
	EndGlobalSection
	GlobalSection(SolutionProperties) = preSolution
		HideSolutionNode = FALSE
	EndGlobalSection
	GlobalSection(ExtensibilityGlobals) = postSolution
		SolutionGuid = {6C92DD3A-C99A-4FB0-94F4-18B53DC320A9}
	EndGlobalSection
EndGlobal
